<?xml version="1.0" encoding="utf-8"?>
<Project ToolsVersion="4.0" xmlns="http://schemas.microsoft.com/developer/msbuild/2003">
  <ItemGroup>
    <Filter Include="Source Files">
      <UniqueIdentifier>{4FC737F1-C7A5-4376-A066-2A32D752A2FF}</UniqueIdentifier>
      <Extensions>cpp;c;cc;cxx;def;odl;idl;hpj;bat;asm;asmx</Extensions>
    </Filter>
    <Filter Include="Header Files">
      <UniqueIdentifier>{93995380-89BD-4b04-88EB-625FBE52EBFB}</UniqueIdentifier>
      <Extensions>h;hh;hpp;hxx;hm;inl;inc;xsd</Extensions>
    </Filter>
    <Filter Include="Resource Files">
      <UniqueIdentifier>{67DA6AB6-F800-4c08-8B7A-83BB121AAD01}</UniqueIdentifier>
      <Extensions>rc;ico;cur;bmp;dlg;rc2;rct;bin;rgs;gif;jpg;jpeg;jpe;resx;tiff;tif;png;wav;mfcribbon-ms</Extensions>
    </Filter>
    <Filter Include="Source Files\Base64">
      <UniqueIdentifier>{b4f777a8-32ff-4962-bf4c-b920a053f21c}</UniqueIdentifier>
    </Filter>
    <Filter Include="Source Files\Record">
      <UniqueIdentifier>{11c09bb9-e4ad-498c-b1da-022a44247bbb}</UniqueIdentifier>
    </Filter>
    <Filter Include="Header Files\Base64">
      <UniqueIdentifier>{b32fed5a-8db0-4a7f-a813-04ffc054ec0e}</UniqueIdentifier>
    </Filter>
    <Filter Include="Header Files\Record">
      <UniqueIdentifier>{58049d6c-44d2-423e-bd5e-c56aa4ad3ec5}</UniqueIdentifier>
    </Filter>
  </ItemGroup>
  <ItemGroup>
    <ClCompile Include="main.cpp">
      <Filter>Source Files</Filter>
    </ClCompile>
    <ClCompile Include="logger.cpp">
      <Filter>Source Files</Filter>
    </ClCompile>
    <ClCompile Include="user.cpp">
      <Filter>Source Files</Filter>
    </ClCompile>
    <ClCompile Include="load_user_dict_strategy.cpp">
      <Filter>Source Files</Filter>
    </ClCompile>
    <ClCompile Include="user_word.cpp">
      <Filter>Source Files</Filter>
    </ClCompile>
    <ClCompile Include="load_basic_dict_strategy.cpp">
      <Filter>Source Files</Filter>
    </ClCompile>
    <ClCompile Include="user_dict.cpp">
      <Filter>Source Files</Filter>
    </ClCompile>
    <ClCompile Include="basic_word.cpp">
      <Filter>Source Files</Filter>
    </ClCompile>
    <ClCompile Include="select_word_interface.cpp">
      <Filter>Source Files</Filter>
    </ClCompile>
    <ClCompile Include="jsoncpp.cpp">
      <Filter>Source Files</Filter>
    </ClCompile>
    <ClCompile Include="load_basic_dict_json.cpp">
      <Filter>Source Files</Filter>
    </ClCompile>
    <ClCompile Include="load_user_dict_json.cpp">
      <Filter>Source Files</Filter>
    </ClCompile>
    <ClCompile Include="select_word_bcz.cpp">
      <Filter>Source Files</Filter>
    </ClCompile>
    <ClCompile Include="logger_json.cpp">
      <Filter>Source Files</Filter>
    </ClCompile>
    <ClCompile Include="user_info.cpp">
      <Filter>Source Files</Filter>
    </ClCompile>
    <ClCompile Include="modp_base64\base64.cpp">
      <Filter>Source Files\Base64</Filter>
    </ClCompile>
    <ClCompile Include="modp_base64\file_encode_base64.cpp">
      <Filter>Source Files\Base64</Filter>
    </ClCompile>
    <ClCompile Include="modp_base64\modp_b64.cpp">
      <Filter>Source Files\Base64</Filter>
    </ClCompile>
    <ClCompile Include="portaudio\write_wav.c">
      <Filter>Source Files\Record</Filter>
    </ClCompile>
    <ClCompile Include="portaudio\record.c">
      <Filter>Source Files\Record</Filter>
    </ClCompile>
    <ClCompile Include="FileComment.cpp">
      <Filter>Source Files</Filter>
    </ClCompile>
    <ClCompile Include="FileCommentTxt.cpp">
      <Filter>Source Files</Filter>
    </ClCompile>
  </ItemGroup>
  <ItemGroup>
    <ClInclude Include="sentence.h">
      <Filter>Header Files</Filter>
    </ClInclude>
    <ClInclude Include="meaning.h">
      <Filter>Header Files</Filter>
    </ClInclude>
    <ClInclude Include="logger.h">
      <Filter>Header Files</Filter>
    </ClInclude>
    <ClInclude Include="user.h">
      <Filter>Header Files</Filter>
    </ClInclude>
    <ClInclude Include="user_dict.h">
      <Filter>Header Files</Filter>
    </ClInclude>
    <ClInclude Include="load_user_dict_strategy.h">
      <Filter>Header Files</Filter>
    </ClInclude>
    <ClInclude Include="user_word.h">
      <Filter>Header Files</Filter>
    </ClInclude>
    <ClInclude Include="load_basic_dict_strategy.h">
      <Filter>Header Files</Filter>
    </ClInclude>
    <ClInclude Include="basic_dict.h">
      <Filter>Header Files</Filter>
    </ClInclude>
    <ClInclude Include="basic_word.h">
      <Filter>Header Files</Filter>
    </ClInclude>
    <ClInclude Include="select_word_interface.h">
      <Filter>Header Files</Filter>
    </ClInclude>
    <ClInclude Include="select_word_bcz.h">
      <Filter>Header Files</Filter>
    </ClInclude>
    <ClInclude Include="load_basic_dict_json.h">
      <Filter>Header Files</Filter>
    </ClInclude>
    <ClInclude Include="user_info.h">
      <Filter>Header Files</Filter>
    </ClInclude>
    <ClInclude Include="json\json.h">
      <Filter>Header Files</Filter>
    </ClInclude>
    <ClInclude Include="load_user_dict_json.h">
      <Filter>Header Files</Filter>
    </ClInclude>
    <ClInclude Include="logger_json.h">
      <Filter>Header Files</Filter>
    </ClInclude>
    <ClInclude Include="dict_template.h">
      <Filter>Header Files</Filter>
    </ClInclude>
    <ClInclude Include="file_encode_base64.h">
      <Filter>Header Files</Filter>
    </ClInclude>
    <ClInclude Include="modp_base64\base64.h">
      <Filter>Header Files\Base64</Filter>
    </ClInclude>
    <ClInclude Include="modp_base64\file_encode_base64.h">
      <Filter>Header Files\Base64</Filter>
    </ClInclude>
    <ClInclude Include="modp_base64\modp_b64.h">
      <Filter>Header Files\Base64</Filter>
    </ClInclude>
    <ClInclude Include="modp_base64\modp_b64_data.h">
      <Filter>Header Files\Base64</Filter>
    </ClInclude>
    <ClInclude Include="portaudio\write_wav.h">
      <Filter>Header Files\Record</Filter>
    </ClInclude>
    <ClInclude Include="portaudio\record.h">
      <Filter>Header Files\Record</Filter>
    </ClInclude>
    <ClInclude Include="portaudio\portaudio.h">
      <Filter>Header Files\Record</Filter>
    </ClInclude>
    <ClInclude Include="FileComment.h">
      <Filter>Header Files</Filter>
    </ClInclude>
    <ClInclude Include="FileCommentTxt.h">
      <Filter>Header Files</Filter>
    </ClInclude>
  </ItemGroup>
  <ItemGroup>
    <None Include="..\README.md">
      <Filter>Resource Files</Filter>
    </None>
    <None Include="makefile">
      <Filter>Resource Files</Filter>
    </None>
    <None Include="res\data_zly.json">
      <Filter>Resource Files</Filter>
    </None>
    <None Include="res\dict-small.json">
      <Filter>Resource Files</Filter>
    </None>
    <None Include="res\userlist.json">
      <Filter>Resource Files</Filter>
    </None>
    <None Include="ClassDiagram.cd" />
    <None Include="comment.in">
      <Filter>Resource Files</Filter>
    </None>
  </ItemGroup>
  <ItemGroup>
    <Text Include="res\out.txt">
      <Filter>Resource Files</Filter>
    </Text>
  </ItemGroup>
</Project>