<?xml version="1.0" encoding="utf-8"?>
<Project ToolsVersion="4.0" xmlns="http://schemas.microsoft.com/developer/msbuild/2003">
  <ItemGroup>
    <Filter Include="Source Files">
      <UniqueIdentifier>{4FC737F1-C7A5-4376-A066-2A32D752A2FF}</UniqueIdentifier>
      <Extensions>cpp;c;cc;cxx;def;odl;idl;hpj;bat;asm;asmx</Extensions>
    </Filter>
    <Filter Include="Header Files">
      <UniqueIdentifier>{93995380-89BD-4b04-88EB-625FBE52EBFB}</UniqueIdentifier>
      <Extensions>h;hh;hpp;hxx;hm;inl;inc;xsd</Extensions>
    </Filter>
    <Filter Include="Resource Files">
      <UniqueIdentifier>{67DA6AB6-F800-4c08-8B7A-83BB121AAD01}</UniqueIdentifier>
      <Extensions>rc;ico;cur;bmp;dlg;rc2;rct;bin;rgs;gif;jpg;jpeg;jpe;resx;tiff;tif;png;wav;mfcribbon-ms</Extensions>
    </Filter>
  </ItemGroup>
  <ItemGroup>
    <ClCompile Include="main.cpp">
      <Filter>Source Files</Filter>
    </ClCompile>
    <ClCompile Include="logger.cpp">
      <Filter>Source Files</Filter>
    </ClCompile>
    <ClCompile Include="user.cpp">
      <Filter>Source Files</Filter>
    </ClCompile>
    <ClCompile Include="logger_simple.cpp">
      <Filter>Source Files</Filter>
    </ClCompile>
    <ClCompile Include="shell_windows.cpp">
      <Filter>Source Files</Filter>
    </ClCompile>
    <ClCompile Include="operation.cpp">
      <Filter>Source Files</Filter>
    </ClCompile>
    <ClCompile Include="operation_search.cpp">
      <Filter>Source Files</Filter>
    </ClCompile>
    <ClCompile Include="load_user_dict_strategy.cpp">
      <Filter>Source Files</Filter>
    </ClCompile>
    <ClCompile Include="load_user_dict_simple.cpp">
      <Filter>Source Files</Filter>
    </ClCompile>
    <ClCompile Include="user_word.cpp">
      <Filter>Source Files</Filter>
    </ClCompile>
    <ClCompile Include="basci_word.cpp">
      <Filter>Source Files</Filter>
    </ClCompile>
    <ClCompile Include="load_basic_dcit_simple.cpp">
      <Filter>Source Files</Filter>
    </ClCompile>
    <ClCompile Include="load_basic_dict_strategy.cpp">
      <Filter>Source Files</Filter>
    </ClCompile>
    <ClCompile Include="user_dict.cpp">
      <Filter>Source Files</Filter>
    </ClCompile>
  </ItemGroup>
  <ItemGroup>
    <ClInclude Include="sentence.h">
      <Filter>Header Files</Filter>
    </ClInclude>
    <ClInclude Include="meaning.h">
      <Filter>Header Files</Filter>
    </ClInclude>
    <ClInclude Include="logger.h">
      <Filter>Header Files</Filter>
    </ClInclude>
    <ClInclude Include="word%28empty%29.h">
      <Filter>Header Files</Filter>
    </ClInclude>
    <ClInclude Include="user.h">
      <Filter>Header Files</Filter>
    </ClInclude>
    <ClInclude Include="logger_simple.h">
      <Filter>Header Files</Filter>
    </ClInclude>
    <ClInclude Include="shell_windows.h">
      <Filter>Header Files</Filter>
    </ClInclude>
    <ClInclude Include="operation.h">
      <Filter>Header Files</Filter>
    </ClInclude>
    <ClInclude Include="operation_search.h">
      <Filter>Header Files</Filter>
    </ClInclude>
    <ClInclude Include="dict_template.h">
      <Filter>Header Files</Filter>
    </ClInclude>
    <ClInclude Include="user_dict.h">
      <Filter>Header Files</Filter>
    </ClInclude>
    <ClInclude Include="load_user_dict_strategy.h">
      <Filter>Header Files</Filter>
    </ClInclude>
    <ClInclude Include="load_user_dict_simple.h">
      <Filter>Header Files</Filter>
    </ClInclude>
    <ClInclude Include="user_word.h">
      <Filter>Header Files</Filter>
    </ClInclude>
    <ClInclude Include="basci_word.h">
      <Filter>Header Files</Filter>
    </ClInclude>
    <ClInclude Include="load_basic_dict_simple.h">
      <Filter>Header Files</Filter>
    </ClInclude>
    <ClInclude Include="load_basic_dict_strategy.h">
      <Filter>Header Files</Filter>
    </ClInclude>
    <ClInclude Include="basic_dict.h">
      <Filter>Header Files</Filter>
    </ClInclude>
  </ItemGroup>
  <ItemGroup>
    <Text Include="out.txt">
      <Filter>Resource Files</Filter>
    </Text>
    <Text Include="dict_txt_simple.txt">
      <Filter>Resource Files</Filter>
    </Text>
  </ItemGroup>
  <ItemGroup>
    <None Include="user_simple.ini">
      <Filter>Resource Files</Filter>
    </None>
    <None Include="..\README.md">
      <Filter>Resource Files</Filter>
    </None>
    <None Include="makefile">
      <Filter>Resource Files</Filter>
    </None>
    <None Include="ClassDiagram.cd" />
  </ItemGroup>
</Project>